
Microsoft Visual Studio Solution File, Format Version 12.00
# Visual Studio Version 16
VisualStudioVersion = 16.0.30621.155
MinimumVisualStudioVersion = 10.0.40219.1
Project("{FAE04EC0-301F-11D3-BF4B-00C04F79EFBC}") = "dotNet5781_02_2427_5101", "dotNet5781_02_2427_5101\dotNet5781_02_2427_5101.csproj", "{C7EC8511-A0BA-40BA-8C4E-51C3FAA33729}"
EndProject
Global
	GlobalSection(SolutionConfigurationPlatforms) = preSolution
		Debug|Any CPU = Debug|Any CPU
		Release|Any CPU = Release|Any CPU
	EndGlobalSection
	GlobalSection(ProjectConfigurationPlatforms) = postSolution
		{C7EC8511-A0BA-40BA-8C4E-51C3FAA33729}.Debug|Any CPU.ActiveCfg = Debug|Any CPU
		{C7EC8511-A0BA-40BA-8C4E-51C3FAA33729}.Debug|Any CPU.Build.0 = Debug|Any CPU
		{C7EC8511-A0BA-40BA-8C4E-51C3FAA33729}.Release|Any CPU.ActiveCfg = Release|Any CPU
		{C7EC8511-A0BA-40BA-8C4E-51C3FAA33729}.Release|Any CPU.Build.0 = Release|Any CPU
	EndGlobalSection
	GlobalSection(SolutionProperties) = preSolution
		HideSolutionNode = FALSE
	EndGlobalSection
	GlobalSection(ExtensibilityGlobals) = postSolution
		SolutionGuid = {69BA38B4-C44F-46A4-93AD-F0C3FB8C9671}
	EndGlobalSection
EndGlobal
